// !$*UTF8*$!
{
	archiveVersion = 1;
	classes = {
	};
	objectVersion = 46;
	objects = {

/* Begin PBXBuildFile section */
		690A594019DA425500407610 /* Default-568h@2x.png in Resources */ = {isa = PBXBuildFile; fileRef = 690A593D19DA425500407610 /* Default-568h@2x.png */; };
		690A594119DA425500407610 /* Default.png in Resources */ = {isa = PBXBuildFile; fileRef = 690A593E19DA425500407610 /* Default.png */; };
		690A594219DA425500407610 /* Default@2x.png in Resources */ = {isa = PBXBuildFile; fileRef = 690A593F19DA425500407610 /* Default@2x.png */; };
		690A594519DA45BF00407610 /* default-1242*2208.png in Resources */ = {isa = PBXBuildFile; fileRef = 690A594319DA45BF00407610 /* default-1242*2208.png */; };
		690A594619DA45BF00407610 /* default-750*1334.png in Resources */ = {isa = PBXBuildFile; fileRef = 690A594419DA45BF00407610 /* default-750*1334.png */; };
		691BF4A919DE4EBB009AA812 /* signInWithParseViewController.m in Sources */ = {isa = PBXBuildFile; fileRef = 691BF4A819DE4EBA009AA812 /* signInWithParseViewController.m */; };
		692BFD7919DDBC6200861D35 /* utilsLocalisation.m in Sources */ = {isa = PBXBuildFile; fileRef = 692BFD7819DDBC6200861D35 /* utilsLocalisation.m */; };
		692E8F9619D73E7B00AAD189 /* reveal-icon.png in Resources */ = {isa = PBXBuildFile; fileRef = 692E8F9419D73E7B00AAD189 /* reveal-icon.png */; };
		692E8F9719D73E7B00AAD189 /* reveal-icon@2x.png in Resources */ = {isa = PBXBuildFile; fileRef = 692E8F9519D73E7B00AAD189 /* reveal-icon@2x.png */; };
		692E8FA119D744C300AAD189 /* StatsViewController.m in Sources */ = {isa = PBXBuildFile; fileRef = 692E8F9F19D744C300AAD189 /* StatsViewController.m */; };
		692E8FA219D744C300AAD189 /* StatsViewController.xib in Resources */ = {isa = PBXBuildFile; fileRef = 692E8FA019D744C300AAD189 /* StatsViewController.xib */; };
		692E8FA919D7452E00AAD189 /* SettingViewController.m in Sources */ = {isa = PBXBuildFile; fileRef = 692E8FA719D7452E00AAD189 /* SettingViewController.m */; };
		692E8FAA19D7452E00AAD189 /* SettingViewController.xib in Resources */ = {isa = PBXBuildFile; fileRef = 692E8FA819D7452E00AAD189 /* SettingViewController.xib */; };
		692E8FB219D76C4500AAD189 /* RearTableViewController.m in Sources */ = {isa = PBXBuildFile; fileRef = 692E8FB019D76C4500AAD189 /* RearTableViewController.m */; };
		692E8FB319D76C4500AAD189 /* RearTableViewController.xib in Resources */ = {isa = PBXBuildFile; fileRef = 692E8FB119D76C4500AAD189 /* RearTableViewController.xib */; };
		692E8FB719D7848500AAD189 /* LocalisationViewController.m in Sources */ = {isa = PBXBuildFile; fileRef = 692E8FB519D7848500AAD189 /* LocalisationViewController.m */; };
		692E8FB819D7848500AAD189 /* LocalisationViewController.xib in Resources */ = {isa = PBXBuildFile; fileRef = 692E8FB619D7848500AAD189 /* LocalisationViewController.xib */; };
		692E8FBE19D8DF9900AAD189 /* SWRevealViewController.m in Sources */ = {isa = PBXBuildFile; fileRef = 692E8FBD19D8DF9900AAD189 /* SWRevealViewController.m */; };
		692E8FE319D900C500AAD189 /* CommunityViewController.m in Sources */ = {isa = PBXBuildFile; fileRef = 692E8FE119D900C500AAD189 /* CommunityViewController.m */; };
		692E8FE419D900C500AAD189 /* CommunityViewController.xib in Resources */ = {isa = PBXBuildFile; fileRef = 692E8FE219D900C500AAD189 /* CommunityViewController.xib */; };
		694514C419DE695E0023CD7A /* Accounts.framework in Frameworks */ = {isa = PBXBuildFile; fileRef = 694514C319DE695E0023CD7A /* Accounts.framework */; };
		694514C619DE696B0023CD7A /* AudioToolbox.framework in Frameworks */ = {isa = PBXBuildFile; fileRef = 694514C519DE696B0023CD7A /* AudioToolbox.framework */; };
		694514C819DE69870023CD7A /* CFNetwork.framework in Frameworks */ = {isa = PBXBuildFile; fileRef = 694514C719DE69870023CD7A /* CFNetwork.framework */; };
		694514CA19DE69900023CD7A /* CoreGraphics.framework in Frameworks */ = {isa = PBXBuildFile; fileRef = 694514C919DE69900023CD7A /* CoreGraphics.framework */; };
		694514CC19DE69960023CD7A /* CoreLocation.framework in Frameworks */ = {isa = PBXBuildFile; fileRef = 694514CB19DE69960023CD7A /* CoreLocation.framework */; };
		694514CE19DE69A10023CD7A /* libz.dylib in Frameworks */ = {isa = PBXBuildFile; fileRef = 694514CD19DE69A10023CD7A /* libz.dylib */; };
		694514D019DE69AA0023CD7A /* MobileCoreServices.framework in Frameworks */ = {isa = PBXBuildFile; fileRef = 694514CF19DE69AA0023CD7A /* MobileCoreServices.framework */; };
		694514D219DE69AF0023CD7A /* QuartzCore.framework in Frameworks */ = {isa = PBXBuildFile; fileRef = 694514D119DE69AF0023CD7A /* QuartzCore.framework */; };
		694514D419DE69B80023CD7A /* Security.framework in Frameworks */ = {isa = PBXBuildFile; fileRef = 694514D319DE69B80023CD7A /* Security.framework */; };
		694514D619DE69C10023CD7A /* Social.framework in Frameworks */ = {isa = PBXBuildFile; fileRef = 694514D519DE69C10023CD7A /* Social.framework */; };
		694514D819DE69C70023CD7A /* StoreKit.framework in Frameworks */ = {isa = PBXBuildFile; fileRef = 694514D719DE69C70023CD7A /* StoreKit.framework */; };
		694514DA19DE69D10023CD7A /* SystemConfiguration.framework in Frameworks */ = {isa = PBXBuildFile; fileRef = 694514D919DE69D10023CD7A /* SystemConfiguration.framework */; };
		694514E019DE6AB70023CD7A /* FacebookSDK.framework in Frameworks */ = {isa = PBXBuildFile; fileRef = 694514DF19DE6AB70023CD7A /* FacebookSDK.framework */; };
		694514E219DE6AEE0023CD7A /* ParseFacebookUtils.framework in Frameworks */ = {isa = PBXBuildFile; fileRef = 694514E119DE6AEE0023CD7A /* ParseFacebookUtils.framework */; };
		694514E619DE6C090023CD7A /* GoogleMapViewViewController.m in Sources */ = {isa = PBXBuildFile; fileRef = 694514E419DE6C090023CD7A /* GoogleMapViewViewController.m */; };
		694514E719DE6C090023CD7A /* GoogleMapViewViewController.xib in Resources */ = {isa = PBXBuildFile; fileRef = 694514E519DE6C090023CD7A /* GoogleMapViewViewController.xib */; };
		694514E919DE6D580023CD7A /* GoogleMaps.framework in Frameworks */ = {isa = PBXBuildFile; fileRef = 694514E819DE6D580023CD7A /* GoogleMaps.framework */; };
		694514EB19DE6DA10023CD7A /* GoogleMaps.bundle in Resources */ = {isa = PBXBuildFile; fileRef = 694514EA19DE6DA10023CD7A /* GoogleMaps.bundle */; };
		694514ED19DE6DC40023CD7A /* AVFoundation.framework in Frameworks */ = {isa = PBXBuildFile; fileRef = 694514EC19DE6DC40023CD7A /* AVFoundation.framework */; };
		694514EF19DE6DD40023CD7A /* CoreData.framework in Frameworks */ = {isa = PBXBuildFile; fileRef = 694514EE19DE6DD40023CD7A /* CoreData.framework */; };
		694514F119DE6DDE0023CD7A /* CoreText.framework in Frameworks */ = {isa = PBXBuildFile; fileRef = 694514F019DE6DDE0023CD7A /* CoreText.framework */; };
		694514F319DE6DE90023CD7A /* GLKit.framework in Frameworks */ = {isa = PBXBuildFile; fileRef = 694514F219DE6DE90023CD7A /* GLKit.framework */; };
		694514F519DE6DF60023CD7A /* ImageIO.framework in Frameworks */ = {isa = PBXBuildFile; fileRef = 694514F419DE6DF60023CD7A /* ImageIO.framework */; };
		694514F719DE6E020023CD7A /* libc++.dylib in Frameworks */ = {isa = PBXBuildFile; fileRef = 694514F619DE6E020023CD7A /* libc++.dylib */; };
		694514F919DE6E0C0023CD7A /* libicucore.dylib in Frameworks */ = {isa = PBXBuildFile; fileRef = 694514F819DE6E0C0023CD7A /* libicucore.dylib */; };
		694514FB19DE6E1C0023CD7A /* OpenGLES.framework in Frameworks */ = {isa = PBXBuildFile; fileRef = 694514FA19DE6E1B0023CD7A /* OpenGLES.framework */; };
		694514FD19DE73500023CD7A /* Parse.framework in Frameworks */ = {isa = PBXBuildFile; fileRef = 694514FC19DE73500023CD7A /* Parse.framework */; };
		6977F1CC19D607D200464551 /* main.m in Sources */ = {isa = PBXBuildFile; fileRef = 6977F1CB19D607D200464551 /* main.m */; };
		6977F1CF19D607D200464551 /* AppDelegate.m in Sources */ = {isa = PBXBuildFile; fileRef = 6977F1CE19D607D200464551 /* AppDelegate.m */; };
		6977F1D219D607D200464551 /* ViewController.m in Sources */ = {isa = PBXBuildFile; fileRef = 6977F1D119D607D200464551 /* ViewController.m */; };
		6977F1D519D607D200464551 /* Main.storyboard in Resources */ = {isa = PBXBuildFile; fileRef = 6977F1D319D607D200464551 /* Main.storyboard */; };
		6977F1D719D607D200464551 /* Images.xcassets in Resources */ = {isa = PBXBuildFile; fileRef = 6977F1D619D607D200464551 /* Images.xcassets */; };
		6977F1DA19D607D200464551 /* LaunchScreen.xib in Resources */ = {isa = PBXBuildFile; fileRef = 6977F1D819D607D200464551 /* LaunchScreen.xib */; };
		6977F1E619D607D200464551 /* lnbAppTests.m in Sources */ = {isa = PBXBuildFile; fileRef = 6977F1E519D607D200464551 /* lnbAppTests.m */; };
		69BB73D119D9106400539D3C /* logo-lnb.png in Resources */ = {isa = PBXBuildFile; fileRef = 69BB73D019D9106400539D3C /* logo-lnb.png */; };
		69BB73D319D9379C00539D3C /* background-field.jpeg in Resources */ = {isa = PBXBuildFile; fileRef = 69BB73D219D9379C00539D3C /* background-field.jpeg */; };
		69C57AA619DE65F200E66C45 /* Accelerate.framework in Frameworks */ = {isa = PBXBuildFile; fileRef = 69C57AA519DE65F200E66C45 /* Accelerate.framework */; settings = {ATTRIBUTES = (Required, ); }; };
/* End PBXBuildFile section */

/* Begin PBXContainerItemProxy section */
		6977F1E019D607D200464551 /* PBXContainerItemProxy */ = {
			isa = PBXContainerItemProxy;
			containerPortal = 6977F1BE19D607D100464551 /* Project object */;
			proxyType = 1;
			remoteGlobalIDString = 6977F1C519D607D100464551;
			remoteInfo = lnbApp;
		};
/* End PBXContainerItemProxy section */

/* Begin PBXFileReference section */
		690A593D19DA425500407610 /* Default-568h@2x.png */ = {isa = PBXFileReference; lastKnownFileType = image.png; name = "Default-568h@2x.png"; path = "launch-image/Default-568h@2x.png"; sourceTree = "<group>"; };
		690A593E19DA425500407610 /* Default.png */ = {isa = PBXFileReference; lastKnownFileType = image.png; name = Default.png; path = "launch-image/Default.png"; sourceTree = "<group>"; };
		690A593F19DA425500407610 /* Default@2x.png */ = {isa = PBXFileReference; lastKnownFileType = image.png; name = "Default@2x.png"; path = "launch-image/Default@2x.png"; sourceTree = "<group>"; };
		690A594319DA45BF00407610 /* default-1242*2208.png */ = {isa = PBXFileReference; lastKnownFileType = image.png; name = "default-1242*2208.png"; path = "launch-image/default-1242*2208.png"; sourceTree = "<group>"; };
		690A594419DA45BF00407610 /* default-750*1334.png */ = {isa = PBXFileReference; lastKnownFileType = image.png; name = "default-750*1334.png"; path = "launch-image/default-750*1334.png"; sourceTree = "<group>"; };
		691BF4A719DE4EBA009AA812 /* signInWithParseViewController.h */ = {isa = PBXFileReference; fileEncoding = 4; lastKnownFileType = sourcecode.c.h; path = signInWithParseViewController.h; sourceTree = "<group>"; };
		691BF4A819DE4EBA009AA812 /* signInWithParseViewController.m */ = {isa = PBXFileReference; fileEncoding = 4; lastKnownFileType = sourcecode.c.objc; path = signInWithParseViewController.m; sourceTree = "<group>"; };
		692BFD7719DDBC6200861D35 /* utilsLocalisation.h */ = {isa = PBXFileReference; fileEncoding = 4; lastKnownFileType = sourcecode.c.h; path = utilsLocalisation.h; sourceTree = "<group>"; };
		692BFD7819DDBC6200861D35 /* utilsLocalisation.m */ = {isa = PBXFileReference; fileEncoding = 4; lastKnownFileType = sourcecode.c.objc; path = utilsLocalisation.m; sourceTree = "<group>"; };
		692E8F9419D73E7B00AAD189 /* reveal-icon.png */ = {isa = PBXFileReference; lastKnownFileType = image.png; name = "reveal-icon.png"; path = "../../Downloads/SWRevealViewController-master/RevealControllerExample/RevealControllerProject/reveal-icon.png"; sourceTree = "<group>"; };
		692E8F9519D73E7B00AAD189 /* reveal-icon@2x.png */ = {isa = PBXFileReference; lastKnownFileType = image.png; name = "reveal-icon@2x.png"; path = "../../Downloads/SWRevealViewController-master/RevealControllerExample/RevealControllerProject/reveal-icon@2x.png"; sourceTree = "<group>"; };
		692E8F9E19D744C300AAD189 /* StatsViewController.h */ = {isa = PBXFileReference; fileEncoding = 4; lastKnownFileType = sourcecode.c.h; path = StatsViewController.h; sourceTree = "<group>"; };
		692E8F9F19D744C300AAD189 /* StatsViewController.m */ = {isa = PBXFileReference; fileEncoding = 4; lastKnownFileType = sourcecode.c.objc; path = StatsViewController.m; sourceTree = "<group>"; };
		692E8FA019D744C300AAD189 /* StatsViewController.xib */ = {isa = PBXFileReference; fileEncoding = 4; lastKnownFileType = file.xib; path = StatsViewController.xib; sourceTree = "<group>"; };
		692E8FA619D7452E00AAD189 /* SettingViewController.h */ = {isa = PBXFileReference; fileEncoding = 4; lastKnownFileType = sourcecode.c.h; path = SettingViewController.h; sourceTree = "<group>"; };
		692E8FA719D7452E00AAD189 /* SettingViewController.m */ = {isa = PBXFileReference; fileEncoding = 4; lastKnownFileType = sourcecode.c.objc; path = SettingViewController.m; sourceTree = "<group>"; };
		692E8FA819D7452E00AAD189 /* SettingViewController.xib */ = {isa = PBXFileReference; fileEncoding = 4; lastKnownFileType = file.xib; path = SettingViewController.xib; sourceTree = "<group>"; };
		692E8FAF19D76C4500AAD189 /* RearTableViewController.h */ = {isa = PBXFileReference; fileEncoding = 4; lastKnownFileType = sourcecode.c.h; path = RearTableViewController.h; sourceTree = "<group>"; };
		692E8FB019D76C4500AAD189 /* RearTableViewController.m */ = {isa = PBXFileReference; fileEncoding = 4; lastKnownFileType = sourcecode.c.objc; path = RearTableViewController.m; sourceTree = "<group>"; };
		692E8FB119D76C4500AAD189 /* RearTableViewController.xib */ = {isa = PBXFileReference; fileEncoding = 4; lastKnownFileType = file.xib; path = RearTableViewController.xib; sourceTree = "<group>"; };
		692E8FB419D7848500AAD189 /* LocalisationViewController.h */ = {isa = PBXFileReference; fileEncoding = 4; lastKnownFileType = sourcecode.c.h; path = LocalisationViewController.h; sourceTree = "<group>"; };
		692E8FB519D7848500AAD189 /* LocalisationViewController.m */ = {isa = PBXFileReference; fileEncoding = 4; lastKnownFileType = sourcecode.c.objc; path = LocalisationViewController.m; sourceTree = "<group>"; };
		692E8FB619D7848500AAD189 /* LocalisationViewController.xib */ = {isa = PBXFileReference; fileEncoding = 4; lastKnownFileType = file.xib; path = LocalisationViewController.xib; sourceTree = "<group>"; };
		692E8FBC19D8DF9900AAD189 /* SWRevealViewController.h */ = {isa = PBXFileReference; fileEncoding = 4; lastKnownFileType = sourcecode.c.h; path = SWRevealViewController.h; sourceTree = "<group>"; };
		692E8FBD19D8DF9900AAD189 /* SWRevealViewController.m */ = {isa = PBXFileReference; fileEncoding = 4; lastKnownFileType = sourcecode.c.objc; path = SWRevealViewController.m; sourceTree = "<group>"; };
		692E8FE019D900C500AAD189 /* CommunityViewController.h */ = {isa = PBXFileReference; fileEncoding = 4; lastKnownFileType = sourcecode.c.h; path = CommunityViewController.h; sourceTree = "<group>"; };
		692E8FE119D900C500AAD189 /* CommunityViewController.m */ = {isa = PBXFileReference; fileEncoding = 4; lastKnownFileType = sourcecode.c.objc; path = CommunityViewController.m; sourceTree = "<group>"; };
		692E8FE219D900C500AAD189 /* CommunityViewController.xib */ = {isa = PBXFileReference; fileEncoding = 4; lastKnownFileType = file.xib; path = CommunityViewController.xib; sourceTree = "<group>"; };
		694514C319DE695E0023CD7A /* Accounts.framework */ = {isa = PBXFileReference; lastKnownFileType = wrapper.framework; name = Accounts.framework; path = System/Library/Frameworks/Accounts.framework; sourceTree = SDKROOT; };
		694514C519DE696B0023CD7A /* AudioToolbox.framework */ = {isa = PBXFileReference; lastKnownFileType = wrapper.framework; name = AudioToolbox.framework; path = System/Library/Frameworks/AudioToolbox.framework; sourceTree = SDKROOT; };
		694514C719DE69870023CD7A /* CFNetwork.framework */ = {isa = PBXFileReference; lastKnownFileType = wrapper.framework; name = CFNetwork.framework; path = System/Library/Frameworks/CFNetwork.framework; sourceTree = SDKROOT; };
		694514C919DE69900023CD7A /* CoreGraphics.framework */ = {isa = PBXFileReference; lastKnownFileType = wrapper.framework; name = CoreGraphics.framework; path = System/Library/Frameworks/CoreGraphics.framework; sourceTree = SDKROOT; };
		694514CB19DE69960023CD7A /* CoreLocation.framework */ = {isa = PBXFileReference; lastKnownFileType = wrapper.framework; name = CoreLocation.framework; path = System/Library/Frameworks/CoreLocation.framework; sourceTree = SDKROOT; };
		694514CD19DE69A10023CD7A /* libz.dylib */ = {isa = PBXFileReference; lastKnownFileType = "compiled.mach-o.dylib"; name = libz.dylib; path = usr/lib/libz.dylib; sourceTree = SDKROOT; };
		694514CF19DE69AA0023CD7A /* MobileCoreServices.framework */ = {isa = PBXFileReference; lastKnownFileType = wrapper.framework; name = MobileCoreServices.framework; path = System/Library/Frameworks/MobileCoreServices.framework; sourceTree = SDKROOT; };
		694514D119DE69AF0023CD7A /* QuartzCore.framework */ = {isa = PBXFileReference; lastKnownFileType = wrapper.framework; name = QuartzCore.framework; path = System/Library/Frameworks/QuartzCore.framework; sourceTree = SDKROOT; };
		694514D319DE69B80023CD7A /* Security.framework */ = {isa = PBXFileReference; lastKnownFileType = wrapper.framework; name = Security.framework; path = System/Library/Frameworks/Security.framework; sourceTree = SDKROOT; };
		694514D519DE69C10023CD7A /* Social.framework */ = {isa = PBXFileReference; lastKnownFileType = wrapper.framework; name = Social.framework; path = System/Library/Frameworks/Social.framework; sourceTree = SDKROOT; };
		694514D719DE69C70023CD7A /* StoreKit.framework */ = {isa = PBXFileReference; lastKnownFileType = wrapper.framework; name = StoreKit.framework; path = System/Library/Frameworks/StoreKit.framework; sourceTree = SDKROOT; };
		694514D919DE69D10023CD7A /* SystemConfiguration.framework */ = {isa = PBXFileReference; lastKnownFileType = wrapper.framework; name = SystemConfiguration.framework; path = System/Library/Frameworks/SystemConfiguration.framework; sourceTree = SDKROOT; };
		694514DF19DE6AB70023CD7A /* FacebookSDK.framework */ = {isa = PBXFileReference; lastKnownFileType = wrapper.framework; name = FacebookSDK.framework; path = ../FrameworksiOS/FacebookSDK/FacebookSDK.framework; sourceTree = "<group>"; };
		694514E119DE6AEE0023CD7A /* ParseFacebookUtils.framework */ = {isa = PBXFileReference; lastKnownFileType = wrapper.framework; name = ParseFacebookUtils.framework; path = "../FrameworksiOS/parse-library-1.4.1/ParseFacebookUtils.framework"; sourceTree = "<group>"; };
		694514E319DE6C090023CD7A /* GoogleMapViewViewController.h */ = {isa = PBXFileReference; fileEncoding = 4; lastKnownFileType = sourcecode.c.h; path = GoogleMapViewViewController.h; sourceTree = "<group>"; };
		694514E419DE6C090023CD7A /* GoogleMapViewViewController.m */ = {isa = PBXFileReference; fileEncoding = 4; lastKnownFileType = sourcecode.c.objc; path = GoogleMapViewViewController.m; sourceTree = "<group>"; };
		694514E519DE6C090023CD7A /* GoogleMapViewViewController.xib */ = {isa = PBXFileReference; fileEncoding = 4; lastKnownFileType = file.xib; path = GoogleMapViewViewController.xib; sourceTree = "<group>"; };
		694514E819DE6D580023CD7A /* GoogleMaps.framework */ = {isa = PBXFileReference; lastKnownFileType = wrapper.framework; name = GoogleMaps.framework; path = "../FrameworksiOS/GoogleMaps-iOS-1.8.1/GoogleMaps.framework"; sourceTree = "<group>"; };
		694514EA19DE6DA10023CD7A /* GoogleMaps.bundle */ = {isa = PBXFileReference; lastKnownFileType = "wrapper.plug-in"; name = GoogleMaps.bundle; path = "../FrameworksiOS/GoogleMaps-iOS-1.8.1/GoogleMaps.framework/Versions/A/Resources/GoogleMaps.bundle"; sourceTree = "<group>"; };
		694514EC19DE6DC40023CD7A /* AVFoundation.framework */ = {isa = PBXFileReference; lastKnownFileType = wrapper.framework; name = AVFoundation.framework; path = System/Library/Frameworks/AVFoundation.framework; sourceTree = SDKROOT; };
		694514EE19DE6DD40023CD7A /* CoreData.framework */ = {isa = PBXFileReference; lastKnownFileType = wrapper.framework; name = CoreData.framework; path = System/Library/Frameworks/CoreData.framework; sourceTree = SDKROOT; };
		694514F019DE6DDE0023CD7A /* CoreText.framework */ = {isa = PBXFileReference; lastKnownFileType = wrapper.framework; name = CoreText.framework; path = System/Library/Frameworks/CoreText.framework; sourceTree = SDKROOT; };
		694514F219DE6DE90023CD7A /* GLKit.framework */ = {isa = PBXFileReference; lastKnownFileType = wrapper.framework; name = GLKit.framework; path = System/Library/Frameworks/GLKit.framework; sourceTree = SDKROOT; };
		694514F419DE6DF60023CD7A /* ImageIO.framework */ = {isa = PBXFileReference; lastKnownFileType = wrapper.framework; name = ImageIO.framework; path = System/Library/Frameworks/ImageIO.framework; sourceTree = SDKROOT; };
		694514F619DE6E020023CD7A /* libc++.dylib */ = {isa = PBXFileReference; lastKnownFileType = "compiled.mach-o.dylib"; name = "libc++.dylib"; path = "usr/lib/libc++.dylib"; sourceTree = SDKROOT; };
		694514F819DE6E0C0023CD7A /* libicucore.dylib */ = {isa = PBXFileReference; lastKnownFileType = "compiled.mach-o.dylib"; name = libicucore.dylib; path = usr/lib/libicucore.dylib; sourceTree = SDKROOT; };
		694514FA19DE6E1B0023CD7A /* OpenGLES.framework */ = {isa = PBXFileReference; lastKnownFileType = wrapper.framework; name = OpenGLES.framework; path = System/Library/Frameworks/OpenGLES.framework; sourceTree = SDKROOT; };
		694514FC19DE73500023CD7A /* Parse.framework */ = {isa = PBXFileReference; lastKnownFileType = wrapper.framework; path = Parse.framework; sourceTree = "<group>"; };
		6977F1C619D607D100464551 /* lnbApp.app */ = {isa = PBXFileReference; explicitFileType = wrapper.application; includeInIndex = 0; path = lnbApp.app; sourceTree = BUILT_PRODUCTS_DIR; };
		6977F1CA19D607D200464551 /* Info.plist */ = {isa = PBXFileReference; lastKnownFileType = text.plist.xml; path = Info.plist; sourceTree = "<group>"; };
		6977F1CB19D607D200464551 /* main.m */ = {isa = PBXFileReference; lastKnownFileType = sourcecode.c.objc; path = main.m; sourceTree = "<group>"; };
		6977F1CD19D607D200464551 /* AppDelegate.h */ = {isa = PBXFileReference; lastKnownFileType = sourcecode.c.h; path = AppDelegate.h; sourceTree = "<group>"; };
		6977F1CE19D607D200464551 /* AppDelegate.m */ = {isa = PBXFileReference; lastKnownFileType = sourcecode.c.objc; path = AppDelegate.m; sourceTree = "<group>"; };
		6977F1D019D607D200464551 /* ViewController.h */ = {isa = PBXFileReference; lastKnownFileType = sourcecode.c.h; path = ViewController.h; sourceTree = "<group>"; };
		6977F1D119D607D200464551 /* ViewController.m */ = {isa = PBXFileReference; lastKnownFileType = sourcecode.c.objc; path = ViewController.m; sourceTree = "<group>"; };
		6977F1D419D607D200464551 /* Base */ = {isa = PBXFileReference; lastKnownFileType = file.storyboard; name = Base; path = Base.lproj/Main.storyboard; sourceTree = "<group>"; };
		6977F1D619D607D200464551 /* Images.xcassets */ = {isa = PBXFileReference; lastKnownFileType = folder.assetcatalog; path = Images.xcassets; sourceTree = "<group>"; };
		6977F1D919D607D200464551 /* Base */ = {isa = PBXFileReference; lastKnownFileType = file.xib; name = Base; path = Base.lproj/LaunchScreen.xib; sourceTree = "<group>"; };
		6977F1DF19D607D200464551 /* lnbAppTests.xctest */ = {isa = PBXFileReference; explicitFileType = wrapper.cfbundle; includeInIndex = 0; path = lnbAppTests.xctest; sourceTree = BUILT_PRODUCTS_DIR; };
		6977F1E419D607D200464551 /* Info.plist */ = {isa = PBXFileReference; lastKnownFileType = text.plist.xml; path = Info.plist; sourceTree = "<group>"; };
		6977F1E519D607D200464551 /* lnbAppTests.m */ = {isa = PBXFileReference; lastKnownFileType = sourcecode.c.objc; path = lnbAppTests.m; sourceTree = "<group>"; };
		69BB73D019D9106400539D3C /* logo-lnb.png */ = {isa = PBXFileReference; lastKnownFileType = image.png; path = "logo-lnb.png"; sourceTree = "<group>"; };
		69BB73D219D9379C00539D3C /* background-field.jpeg */ = {isa = PBXFileReference; lastKnownFileType = image.jpeg; path = "background-field.jpeg"; sourceTree = "<group>"; };
		69C57AA519DE65F200E66C45 /* Accelerate.framework */ = {isa = PBXFileReference; lastKnownFileType = wrapper.framework; name = Accelerate.framework; path = System/Library/Frameworks/Accelerate.framework; sourceTree = SDKROOT; };
/* End PBXFileReference section */

/* Begin PBXFrameworksBuildPhase section */
		6977F1C319D607D100464551 /* Frameworks */ = {
			isa = PBXFrameworksBuildPhase;
			buildActionMask = 2147483647;
			files = (
				694514FB19DE6E1C0023CD7A /* OpenGLES.framework in Frameworks */,
				694514F919DE6E0C0023CD7A /* libicucore.dylib in Frameworks */,
				694514F719DE6E020023CD7A /* libc++.dylib in Frameworks */,
				694514F519DE6DF60023CD7A /* ImageIO.framework in Frameworks */,
				694514F319DE6DE90023CD7A /* GLKit.framework in Frameworks */,
				694514F119DE6DDE0023CD7A /* CoreText.framework in Frameworks */,
				694514EF19DE6DD40023CD7A /* CoreData.framework in Frameworks */,
				694514ED19DE6DC40023CD7A /* AVFoundation.framework in Frameworks */,
				694514DA19DE69D10023CD7A /* SystemConfiguration.framework in Frameworks */,
				694514D819DE69C70023CD7A /* StoreKit.framework in Frameworks */,
				694514D619DE69C10023CD7A /* Social.framework in Frameworks */,
				694514D419DE69B80023CD7A /* Security.framework in Frameworks */,
				694514E219DE6AEE0023CD7A /* ParseFacebookUtils.framework in Frameworks */,
				694514E919DE6D580023CD7A /* GoogleMaps.framework in Frameworks */,
				694514D219DE69AF0023CD7A /* QuartzCore.framework in Frameworks */,
				694514D019DE69AA0023CD7A /* MobileCoreServices.framework in Frameworks */,
				694514CE19DE69A10023CD7A /* libz.dylib in Frameworks */,
				694514CC19DE69960023CD7A /* CoreLocation.framework in Frameworks */,
				694514CA19DE69900023CD7A /* CoreGraphics.framework in Frameworks */,
				694514FD19DE73500023CD7A /* Parse.framework in Frameworks */,
				694514C819DE69870023CD7A /* CFNetwork.framework in Frameworks */,
				694514C619DE696B0023CD7A /* AudioToolbox.framework in Frameworks */,
				694514E019DE6AB70023CD7A /* FacebookSDK.framework in Frameworks */,
				694514C419DE695E0023CD7A /* Accounts.framework in Frameworks */,
				69C57AA619DE65F200E66C45 /* Accelerate.framework in Frameworks */,
			);
			runOnlyForDeploymentPostprocessing = 0;
		};
		6977F1DC19D607D200464551 /* Frameworks */ = {
			isa = PBXFrameworksBuildPhase;
			buildActionMask = 2147483647;
			files = (
			);
			runOnlyForDeploymentPostprocessing = 0;
		};
/* End PBXFrameworksBuildPhase section */

/* Begin PBXGroup section */
		692BFD7A19DDBDD100861D35 /* utils */ = {
			isa = PBXGroup;
			children = (
				692BFD7719DDBC6200861D35 /* utilsLocalisation.h */,
				692BFD7819DDBC6200861D35 /* utilsLocalisation.m */,
			);
			name = utils;
			sourceTree = "<group>";
		};
		692E8F9319D73E6B00AAD189 /* Images */ = {
			isa = PBXGroup;
			children = (
				690A594319DA45BF00407610 /* default-1242*2208.png */,
				690A594419DA45BF00407610 /* default-750*1334.png */,
				690A593D19DA425500407610 /* Default-568h@2x.png */,
				690A593E19DA425500407610 /* Default.png */,
				690A593F19DA425500407610 /* Default@2x.png */,
				69BB73D219D9379C00539D3C /* background-field.jpeg */,
				69BB73D019D9106400539D3C /* logo-lnb.png */,
				692E8F9419D73E7B00AAD189 /* reveal-icon.png */,
				692E8F9519D73E7B00AAD189 /* reveal-icon@2x.png */,
			);
			name = Images;
			sourceTree = "<group>";
		};
		692E8F9819D7429600AAD189 /* SWRevealViewController */ = {
			isa = PBXGroup;
			children = (
				692E8FBC19D8DF9900AAD189 /* SWRevealViewController.h */,
				692E8FBD19D8DF9900AAD189 /* SWRevealViewController.m */,
			);
			name = SWRevealViewController;
			sourceTree = "<group>";
		};
		692E8FA319D744D300AAD189 /* Stats */ = {
			isa = PBXGroup;
			children = (
				692E8F9E19D744C300AAD189 /* StatsViewController.h */,
				692E8F9F19D744C300AAD189 /* StatsViewController.m */,
				692E8FA019D744C300AAD189 /* StatsViewController.xib */,
			);
			name = Stats;
			sourceTree = "<group>";
		};
		692E8FA419D744E100AAD189 /* Map */ = {
			isa = PBXGroup;
			children = (
				694514E319DE6C090023CD7A /* GoogleMapViewViewController.h */,
				694514E419DE6C090023CD7A /* GoogleMapViewViewController.m */,
				694514E519DE6C090023CD7A /* GoogleMapViewViewController.xib */,
			);
			name = Map;
			sourceTree = "<group>";
		};
		692E8FA519D744FC00AAD189 /* Rear */ = {
			isa = PBXGroup;
			children = (
				692E8FAF19D76C4500AAD189 /* RearTableViewController.h */,
				692E8FB019D76C4500AAD189 /* RearTableViewController.m */,
				692E8FB119D76C4500AAD189 /* RearTableViewController.xib */,
			);
			name = Rear;
			sourceTree = "<group>";
		};
		692E8FAB19D7453300AAD189 /* Setting */ = {
			isa = PBXGroup;
			children = (
				692E8FA719D7452E00AAD189 /* SettingViewController.m */,
				692E8FA819D7452E00AAD189 /* SettingViewController.xib */,
				692E8FA619D7452E00AAD189 /* SettingViewController.h */,
			);
			name = Setting;
			sourceTree = "<group>";
		};
		692E8FB919D7848E00AAD189 /* Localistation */ = {
			isa = PBXGroup;
			children = (
				692E8FB619D7848500AAD189 /* LocalisationViewController.xib */,
				692E8FB519D7848500AAD189 /* LocalisationViewController.m */,
				692E8FB419D7848500AAD189 /* LocalisationViewController.h */,
			);
			name = Localistation;
			sourceTree = "<group>";
		};
		692E8FD719D8E26A00AAD189 /* framework */ = {
			isa = PBXGroup;
			children = (
				694514FC19DE73500023CD7A /* Parse.framework */,
				694514FA19DE6E1B0023CD7A /* OpenGLES.framework */,
				694514F819DE6E0C0023CD7A /* libicucore.dylib */,
				694514F619DE6E020023CD7A /* libc++.dylib */,
				694514F419DE6DF60023CD7A /* ImageIO.framework */,
				694514F219DE6DE90023CD7A /* GLKit.framework */,
				694514F019DE6DDE0023CD7A /* CoreText.framework */,
				694514EE19DE6DD40023CD7A /* CoreData.framework */,
				694514EC19DE6DC40023CD7A /* AVFoundation.framework */,
				694514EA19DE6DA10023CD7A /* GoogleMaps.bundle */,
				694514E819DE6D580023CD7A /* GoogleMaps.framework */,
				694514E119DE6AEE0023CD7A /* ParseFacebookUtils.framework */,
				694514DF19DE6AB70023CD7A /* FacebookSDK.framework */,
				694514D919DE69D10023CD7A /* SystemConfiguration.framework */,
				694514D719DE69C70023CD7A /* StoreKit.framework */,
				694514D519DE69C10023CD7A /* Social.framework */,
				694514D319DE69B80023CD7A /* Security.framework */,
				694514D119DE69AF0023CD7A /* QuartzCore.framework */,
				694514CF19DE69AA0023CD7A /* MobileCoreServices.framework */,
				694514CD19DE69A10023CD7A /* libz.dylib */,
				694514CB19DE69960023CD7A /* CoreLocation.framework */,
				694514C919DE69900023CD7A /* CoreGraphics.framework */,
				694514C719DE69870023CD7A /* CFNetwork.framework */,
				694514C519DE696B0023CD7A /* AudioToolbox.framework */,
				694514C319DE695E0023CD7A /* Accounts.framework */,
				69C57AA519DE65F200E66C45 /* Accelerate.framework */,
			);
			name = framework;
			path = ..;
			sourceTree = "<group>";
		};
		692E8FE519D900CD00AAD189 /* Community */ = {
			isa = PBXGroup;
			children = (
				692E8FE019D900C500AAD189 /* CommunityViewController.h */,
				692E8FE119D900C500AAD189 /* CommunityViewController.m */,
				692E8FE219D900C500AAD189 /* CommunityViewController.xib */,
			);
			name = Community;
			sourceTree = "<group>";
		};
		692E8FEB19D902EC00AAD189 /* SignIn */ = {
			isa = PBXGroup;
			children = (
				691BF4A719DE4EBA009AA812 /* signInWithParseViewController.h */,
				691BF4A819DE4EBA009AA812 /* signInWithParseViewController.m */,
			);
			name = SignIn;
			sourceTree = "<group>";
		};
		6977F1BD19D607D100464551 = {
			isa = PBXGroup;
			children = (
				6977F1C819D607D100464551 /* lnbApp */,
				6977F1E219D607D200464551 /* lnbAppTests */,
				6977F1C719D607D100464551 /* Products */,
			);
			sourceTree = "<group>";
		};
		6977F1C719D607D100464551 /* Products */ = {
			isa = PBXGroup;
			children = (
				6977F1C619D607D100464551 /* lnbApp.app */,
				6977F1DF19D607D200464551 /* lnbAppTests.xctest */,
			);
			name = Products;
			sourceTree = "<group>";
		};
		6977F1C819D607D100464551 /* lnbApp */ = {
			isa = PBXGroup;
			children = (
				692E8FD719D8E26A00AAD189 /* framework */,
				692E8F9319D73E6B00AAD189 /* Images */,
				692E8F9819D7429600AAD189 /* SWRevealViewController */,
				6977F1CD19D607D200464551 /* AppDelegate.h */,
				6977F1CE19D607D200464551 /* AppDelegate.m */,
				6977F1D019D607D200464551 /* ViewController.h */,
				6977F1D119D607D200464551 /* ViewController.m */,
				6977F1D319D607D200464551 /* Main.storyboard */,
				6977F1D619D607D200464551 /* Images.xcassets */,
				6977F1D819D607D200464551 /* LaunchScreen.xib */,
				6977F1C919D607D100464551 /* Supporting Files */,
				692E8FA519D744FC00AAD189 /* Rear */,
				692E8FA419D744E100AAD189 /* Map */,
				692E8FA319D744D300AAD189 /* Stats */,
				692E8FAB19D7453300AAD189 /* Setting */,
				692E8FB919D7848E00AAD189 /* Localistation */,
				692E8FE519D900CD00AAD189 /* Community */,
				692E8FEB19D902EC00AAD189 /* SignIn */,
				692BFD7A19DDBDD100861D35 /* utils */,
			);
			path = lnbApp;
			sourceTree = "<group>";
		};
		6977F1C919D607D100464551 /* Supporting Files */ = {
			isa = PBXGroup;
			children = (
				6977F1CA19D607D200464551 /* Info.plist */,
				6977F1CB19D607D200464551 /* main.m */,
			);
			name = "Supporting Files";
			sourceTree = "<group>";
		};
		6977F1E219D607D200464551 /* lnbAppTests */ = {
			isa = PBXGroup;
			children = (
				6977F1E519D607D200464551 /* lnbAppTests.m */,
				6977F1E319D607D200464551 /* Supporting Files */,
			);
			path = lnbAppTests;
			sourceTree = "<group>";
		};
		6977F1E319D607D200464551 /* Supporting Files */ = {
			isa = PBXGroup;
			children = (
				6977F1E419D607D200464551 /* Info.plist */,
			);
			name = "Supporting Files";
			sourceTree = "<group>";
		};
/* End PBXGroup section */

/* Begin PBXNativeTarget section */
		6977F1C519D607D100464551 /* lnbApp */ = {
			isa = PBXNativeTarget;
			buildConfigurationList = 6977F1E919D607D200464551 /* Build configuration list for PBXNativeTarget "lnbApp" */;
			buildPhases = (
				6977F1C219D607D100464551 /* Sources */,
				6977F1C319D607D100464551 /* Frameworks */,
				6977F1C419D607D100464551 /* Resources */,
			);
			buildRules = (
			);
			dependencies = (
			);
			name = lnbApp;
			productName = lnbApp;
			productReference = 6977F1C619D607D100464551 /* lnbApp.app */;
			productType = "com.apple.product-type.application";
		};
		6977F1DE19D607D200464551 /* lnbAppTests */ = {
			isa = PBXNativeTarget;
			buildConfigurationList = 6977F1EC19D607D200464551 /* Build configuration list for PBXNativeTarget "lnbAppTests" */;
			buildPhases = (
				6977F1DB19D607D200464551 /* Sources */,
				6977F1DC19D607D200464551 /* Frameworks */,
				6977F1DD19D607D200464551 /* Resources */,
			);
			buildRules = (
			);
			dependencies = (
				6977F1E119D607D200464551 /* PBXTargetDependency */,
			);
			name = lnbAppTests;
			productName = lnbAppTests;
			productReference = 6977F1DF19D607D200464551 /* lnbAppTests.xctest */;
			productType = "com.apple.product-type.bundle.unit-test";
		};
/* End PBXNativeTarget section */

/* Begin PBXProject section */
		6977F1BE19D607D100464551 /* Project object */ = {
			isa = PBXProject;
			attributes = {
				LastUpgradeCheck = 0600;
				ORGANIZATIONNAME = "Yves Benchimol";
				TargetAttributes = {
					6977F1C519D607D100464551 = {
						CreatedOnToolsVersion = 6.0.1;
					};
					6977F1DE19D607D200464551 = {
						CreatedOnToolsVersion = 6.0.1;
						TestTargetID = 6977F1C519D607D100464551;
					};
				};
			};
			buildConfigurationList = 6977F1C119D607D100464551 /* Build configuration list for PBXProject "lnbApp" */;
			compatibilityVersion = "Xcode 3.2";
			developmentRegion = English;
			hasScannedForEncodings = 0;
			knownRegions = (
				en,
				Base,
			);
			mainGroup = 6977F1BD19D607D100464551;
			productRefGroup = 6977F1C719D607D100464551 /* Products */;
			projectDirPath = "";
			projectRoot = "";
			targets = (
				6977F1C519D607D100464551 /* lnbApp */,
				6977F1DE19D607D200464551 /* lnbAppTests */,
			);
		};
/* End PBXProject section */

/* Begin PBXResourcesBuildPhase section */
		6977F1C419D607D100464551 /* Resources */ = {
			isa = PBXResourcesBuildPhase;
			buildActionMask = 2147483647;
			files = (
				690A594219DA425500407610 /* Default@2x.png in Resources */,
				6977F1D519D607D200464551 /* Main.storyboard in Resources */,
				690A594119DA425500407610 /* Default.png in Resources */,
				694514EB19DE6DA10023CD7A /* GoogleMaps.bundle in Resources */,
				692E8FAA19D7452E00AAD189 /* SettingViewController.xib in Resources */,
				6977F1DA19D607D200464551 /* LaunchScreen.xib in Resources */,
				692E8F9719D73E7B00AAD189 /* reveal-icon@2x.png in Resources */,
				690A594019DA425500407610 /* Default-568h@2x.png in Resources */,
				692E8FE419D900C500AAD189 /* CommunityViewController.xib in Resources */,
				692E8FB819D7848500AAD189 /* LocalisationViewController.xib in Resources */,
				69BB73D119D9106400539D3C /* logo-lnb.png in Resources */,
				692E8FB319D76C4500AAD189 /* RearTableViewController.xib in Resources */,
				6977F1D719D607D200464551 /* Images.xcassets in Resources */,
				694514E719DE6C090023CD7A /* GoogleMapViewViewController.xib in Resources */,
				690A594619DA45BF00407610 /* default-750*1334.png in Resources */,
				69BB73D319D9379C00539D3C /* background-field.jpeg in Resources */,
				692E8FA219D744C300AAD189 /* StatsViewController.xib in Resources */,
				692E8F9619D73E7B00AAD189 /* reveal-icon.png in Resources */,
				690A594519DA45BF00407610 /* default-1242*2208.png in Resources */,
			);
			runOnlyForDeploymentPostprocessing = 0;
		};
		6977F1DD19D607D200464551 /* Resources */ = {
			isa = PBXResourcesBuildPhase;
			buildActionMask = 2147483647;
			files = (
			);
			runOnlyForDeploymentPostprocessing = 0;
		};
/* End PBXResourcesBuildPhase section */

/* Begin PBXSourcesBuildPhase section */
		6977F1C219D607D100464551 /* Sources */ = {
			isa = PBXSourcesBuildPhase;
			buildActionMask = 2147483647;
			files = (
				6977F1D219D607D200464551 /* ViewController.m in Sources */,
				692E8FB719D7848500AAD189 /* LocalisationViewController.m in Sources */,
				692E8FE319D900C500AAD189 /* CommunityViewController.m in Sources */,
				6977F1CF19D607D200464551 /* AppDelegate.m in Sources */,
				6977F1CC19D607D200464551 /* main.m in Sources */,
				692E8FA919D7452E00AAD189 /* SettingViewController.m in Sources */,
				692E8FB219D76C4500AAD189 /* RearTableViewController.m in Sources */,
				692E8FBE19D8DF9900AAD189 /* SWRevealViewController.m in Sources */,
				692BFD7919DDBC6200861D35 /* utilsLocalisation.m in Sources */,
				692E8FA119D744C300AAD189 /* StatsViewController.m in Sources */,
				694514E619DE6C090023CD7A /* GoogleMapViewViewController.m in Sources */,
				691BF4A919DE4EBB009AA812 /* signInWithParseViewController.m in Sources */,
			);
			runOnlyForDeploymentPostprocessing = 0;
		};
		6977F1DB19D607D200464551 /* Sources */ = {
			isa = PBXSourcesBuildPhase;
			buildActionMask = 2147483647;
			files = (
				6977F1E619D607D200464551 /* lnbAppTests.m in Sources */,
			);
			runOnlyForDeploymentPostprocessing = 0;
		};
/* End PBXSourcesBuildPhase section */

/* Begin PBXTargetDependency section */
		6977F1E119D607D200464551 /* PBXTargetDependency */ = {
			isa = PBXTargetDependency;
			target = 6977F1C519D607D100464551 /* lnbApp */;
			targetProxy = 6977F1E019D607D200464551 /* PBXContainerItemProxy */;
		};
/* End PBXTargetDependency section */

/* Begin PBXVariantGroup section */
		6977F1D319D607D200464551 /* Main.storyboard */ = {
			isa = PBXVariantGroup;
			children = (
				6977F1D419D607D200464551 /* Base */,
			);
			name = Main.storyboard;
			sourceTree = "<group>";
		};
		6977F1D819D607D200464551 /* LaunchScreen.xib */ = {
			isa = PBXVariantGroup;
			children = (
				6977F1D919D607D200464551 /* Base */,
			);
			name = LaunchScreen.xib;
			sourceTree = "<group>";
		};
/* End PBXVariantGroup section */

/* Begin XCBuildConfiguration section */
		6977F1E719D607D200464551 /* Debug */ = {
			isa = XCBuildConfiguration;
			buildSettings = {
				ALWAYS_SEARCH_USER_PATHS = NO;
				CLANG_CXX_LANGUAGE_STANDARD = "gnu++0x";
				CLANG_CXX_LIBRARY = "libc++";
				CLANG_ENABLE_MODULES = YES;
				CLANG_ENABLE_OBJC_ARC = YES;
				CLANG_WARN_BOOL_CONVERSION = YES;
				CLANG_WARN_CONSTANT_CONVERSION = YES;
				CLANG_WARN_DIRECT_OBJC_ISA_USAGE = YES_ERROR;
				CLANG_WARN_EMPTY_BODY = YES;
				CLANG_WARN_ENUM_CONVERSION = YES;
				CLANG_WARN_INT_CONVERSION = YES;
				CLANG_WARN_OBJC_ROOT_CLASS = YES_ERROR;
				CLANG_WARN_UNREACHABLE_CODE = YES;
				CLANG_WARN__DUPLICATE_METHOD_MATCH = YES;
				"CODE_SIGN_IDENTITY[sdk=iphoneos*]" = "iPhone Developer";
				COPY_PHASE_STRIP = NO;
				ENABLE_STRICT_OBJC_MSGSEND = YES;
				GCC_C_LANGUAGE_STANDARD = gnu99;
				GCC_DYNAMIC_NO_PIC = NO;
				GCC_OPTIMIZATION_LEVEL = 0;
				GCC_PREPROCESSOR_DEFINITIONS = (
					"DEBUG=1",
					"$(inherited)",
				);
				GCC_SYMBOLS_PRIVATE_EXTERN = NO;
				GCC_WARN_64_TO_32_BIT_CONVERSION = YES;
				GCC_WARN_ABOUT_RETURN_TYPE = YES_ERROR;
				GCC_WARN_UNDECLARED_SELECTOR = YES;
				GCC_WARN_UNINITIALIZED_AUTOS = YES_AGGRESSIVE;
				GCC_WARN_UNUSED_FUNCTION = YES;
				GCC_WARN_UNUSED_VARIABLE = YES;
				IPHONEOS_DEPLOYMENT_TARGET = 8.0;
				MTL_ENABLE_DEBUG_INFO = YES;
				ONLY_ACTIVE_ARCH = YES;
				OTHER_LDFLAGS = "";
				SDKROOT = iphoneos;
				VALID_ARCHS = "armv7s armv7 arm64";
			};
			name = Debug;
		};
		6977F1E819D607D200464551 /* Release */ = {
			isa = XCBuildConfiguration;
			buildSettings = {
				ALWAYS_SEARCH_USER_PATHS = NO;
				CLANG_CXX_LANGUAGE_STANDARD = "gnu++0x";
				CLANG_CXX_LIBRARY = "libc++";
				CLANG_ENABLE_MODULES = YES;
				CLANG_ENABLE_OBJC_ARC = YES;
				CLANG_WARN_BOOL_CONVERSION = YES;
				CLANG_WARN_CONSTANT_CONVERSION = YES;
				CLANG_WARN_DIRECT_OBJC_ISA_USAGE = YES_ERROR;
				CLANG_WARN_EMPTY_BODY = YES;
				CLANG_WARN_ENUM_CONVERSION = YES;
				CLANG_WARN_INT_CONVERSION = YES;
				CLANG_WARN_OBJC_ROOT_CLASS = YES_ERROR;
				CLANG_WARN_UNREACHABLE_CODE = YES;
				CLANG_WARN__DUPLICATE_METHOD_MATCH = YES;
				"CODE_SIGN_IDENTITY[sdk=iphoneos*]" = "iPhone Developer";
				COPY_PHASE_STRIP = YES;
				ENABLE_NS_ASSERTIONS = NO;
				ENABLE_STRICT_OBJC_MSGSEND = YES;
				GCC_C_LANGUAGE_STANDARD = gnu99;
				GCC_WARN_64_TO_32_BIT_CONVERSION = YES;
				GCC_WARN_ABOUT_RETURN_TYPE = YES_ERROR;
				GCC_WARN_UNDECLARED_SELECTOR = YES;
				GCC_WARN_UNINITIALIZED_AUTOS = YES_AGGRESSIVE;
				GCC_WARN_UNUSED_FUNCTION = YES;
				GCC_WARN_UNUSED_VARIABLE = YES;
				IPHONEOS_DEPLOYMENT_TARGET = 8.0;
				MTL_ENABLE_DEBUG_INFO = NO;
				OTHER_LDFLAGS = "";
				SDKROOT = iphoneos;
				VALIDATE_PRODUCT = YES;
				VALID_ARCHS = "armv7s armv7 arm64";
			};
			name = Release;
		};
		6977F1EA19D607D200464551 /* Debug */ = {
			isa = XCBuildConfiguration;
			buildSettings = {
				ASSETCATALOG_COMPILER_APPICON_NAME = AppIcon;
				ASSETCATALOG_COMPILER_LAUNCHIMAGE_NAME = LaunchImage;
				FRAMEWORK_SEARCH_PATHS = (
					"$(inherited)",
					"$(PROJECT_DIR)",
					"$(SRCROOT)/",
					/Users/yvesbenchimol/FrameworksiOS/FacebookSDK,
					"/Users/yvesbenchimol/FrameworksiOS/parse-library-1.4.1",
					"/Users/yvesbenchimol/FrameworksiOS/GoogleMaps-iOS-1.8.1",
				);
				INFOPLIST_FILE = lnbApp/Info.plist;
				LD_RUNPATH_SEARCH_PATHS = "$(inherited) @executable_path/Frameworks";
				ONLY_ACTIVE_ARCH = YES;
				OTHER_LDFLAGS = "-ObjC";
				OTHER_LIBTOOLFLAGS = "";
				PRODUCT_NAME = "$(TARGET_NAME)";
			};
			name = Debug;
		};
		6977F1EB19D607D200464551 /* Release */ = {
			isa = XCBuildConfiguration;
			buildSettings = {
				ASSETCATALOG_COMPILER_APPICON_NAME = AppIcon;
				ASSETCATALOG_COMPILER_LAUNCHIMAGE_NAME = LaunchImage;
				FRAMEWORK_SEARCH_PATHS = (
					"$(inherited)",
					"$(PROJECT_DIR)",
					"$(SRCROOT)/",
					/Users/yvesbenchimol/FrameworksiOS/FacebookSDK,
					"/Users/yvesbenchimol/FrameworksiOS/parse-library-1.4.1",
					"/Users/yvesbenchimol/FrameworksiOS/GoogleMaps-iOS-1.8.1",
				);
				INFOPLIST_FILE = lnbApp/Info.plist;
				LD_RUNPATH_SEARCH_PATHS = "$(inherited) @executable_path/Frameworks";
				ONLY_ACTIVE_ARCH = NO;
				OTHER_LDFLAGS = "-ObjC";
				OTHER_LIBTOOLFLAGS = "";
				PRODUCT_NAME = "$(TARGET_NAME)";
			};
			name = Release;
		};
		6977F1ED19D607D200464551 /* Debug */ = {
			isa = XCBuildConfiguration;
			buildSettings = {
				BUNDLE_LOADER = "$(TEST_HOST)";
				FRAMEWORK_SEARCH_PATHS = (
					"$(SDKROOT)/Developer/Library/Frameworks",
					"$(inherited)",
				);
				GCC_PREPROCESSOR_DEFINITIONS = (
					"DEBUG=1",
					"$(inherited)",
				);
				INFOPLIST_FILE = lnbAppTests/Info.plist;
				LD_RUNPATH_SEARCH_PATHS = "$(inherited) @executable_path/Frameworks @loader_path/Frameworks";
				OTHER_LDFLAGS = "-ObjC";
				PRODUCT_NAME = "$(TARGET_NAME)";
				TEST_HOST = "$(BUILT_PRODUCTS_DIR)/lnbApp.app/lnbApp";
			};
			name = Debug;
		};
		6977F1EE19D607D200464551 /* Release */ = {
			isa = XCBuildConfiguration;
			buildSettings = {
				BUNDLE_LOADER = "$(TEST_HOST)";
				FRAMEWORK_SEARCH_PATHS = (
					"$(SDKROOT)/Developer/Library/Frameworks",
					"$(inherited)",
				);
				INFOPLIST_FILE = lnbAppTests/Info.plist;
				LD_RUNPATH_SEARCH_PATHS = "$(inherited) @executable_path/Frameworks @loader_path/Frameworks";
				OTHER_LDFLAGS = "-ObjC";
				PRODUCT_NAME = "$(TARGET_NAME)";
				TEST_HOST = "$(BUILT_PRODUCTS_DIR)/lnbApp.app/lnbApp";
			};
			name = Release;
		};
/* End XCBuildConfiguration section */

/* Begin XCConfigurationList section */
		6977F1C119D607D100464551 /* Build configuration list for PBXProject "lnbApp" */ = {
			isa = XCConfigurationList;
			buildConfigurations = (
				6977F1E719D607D200464551 /* Debug */,
				6977F1E819D607D200464551 /* Release */,
			);
			defaultConfigurationIsVisible = 0;
			defaultConfigurationName = Release;
		};
		6977F1E919D607D200464551 /* Build configuration list for PBXNativeTarget "lnbApp" */ = {
			isa = XCConfigurationList;
			buildConfigurations = (
				6977F1EA19D607D200464551 /* Debug */,
				6977F1EB19D607D200464551 /* Release */,
			);
			defaultConfigurationIsVisible = 0;
			defaultConfigurationName = Release;
		};
		6977F1EC19D607D200464551 /* Build configuration list for PBXNativeTarget "lnbAppTests" */ = {
			isa = XCConfigurationList;
			buildConfigurations = (
				6977F1ED19D607D200464551 /* Debug */,
				6977F1EE19D607D200464551 /* Release */,
			);
			defaultConfigurationIsVisible = 0;
			defaultConfigurationName = Release;
		};
/* End XCConfigurationList section */
	};
	rootObject = 6977F1BE19D607D100464551 /* Project object */;
}
