// !$*UTF8*$!
{
	archiveVersion = 1;
	classes = {
	};
	objectVersion = 46;
	objects = {

/* Begin PBXBuildFile section */
		692E8F8019D7316200AAD189 /* FontViewController.m in Sources */ = {isa = PBXBuildFile; fileRef = 692E8F7E19D7316200AAD189 /* FontViewController.m */; };
		692E8F8119D7316200AAD189 /* FontViewController.xib in Resources */ = {isa = PBXBuildFile; fileRef = 692E8F7F19D7316200AAD189 /* FontViewController.xib */; };
		692E8F8519D7317800AAD189 /* RearViewController.m in Sources */ = {isa = PBXBuildFile; fileRef = 692E8F8319D7317800AAD189 /* RearViewController.m */; };
		692E8F8619D7317800AAD189 /* RearViewController.xib in Resources */ = {isa = PBXBuildFile; fileRef = 692E8F8419D7317800AAD189 /* RearViewController.xib */; };
		692E8F9219D7370B00AAD189 /* SWRevealViewController.m in Sources */ = {isa = PBXBuildFile; fileRef = 692E8F9119D7370B00AAD189 /* SWRevealViewController.m */; };
		692E8F9619D73E7B00AAD189 /* reveal-icon.png in Resources */ = {isa = PBXBuildFile; fileRef = 692E8F9419D73E7B00AAD189 /* reveal-icon.png */; };
		692E8F9719D73E7B00AAD189 /* reveal-icon@2x.png in Resources */ = {isa = PBXBuildFile; fileRef = 692E8F9519D73E7B00AAD189 /* reveal-icon@2x.png */; };
		6977F1CC19D607D200464551 /* main.m in Sources */ = {isa = PBXBuildFile; fileRef = 6977F1CB19D607D200464551 /* main.m */; };
		6977F1CF19D607D200464551 /* AppDelegate.m in Sources */ = {isa = PBXBuildFile; fileRef = 6977F1CE19D607D200464551 /* AppDelegate.m */; };
		6977F1D219D607D200464551 /* ViewController.m in Sources */ = {isa = PBXBuildFile; fileRef = 6977F1D119D607D200464551 /* ViewController.m */; };
		6977F1D519D607D200464551 /* Main.storyboard in Resources */ = {isa = PBXBuildFile; fileRef = 6977F1D319D607D200464551 /* Main.storyboard */; };
		6977F1D719D607D200464551 /* Images.xcassets in Resources */ = {isa = PBXBuildFile; fileRef = 6977F1D619D607D200464551 /* Images.xcassets */; };
		6977F1DA19D607D200464551 /* LaunchScreen.xib in Resources */ = {isa = PBXBuildFile; fileRef = 6977F1D819D607D200464551 /* LaunchScreen.xib */; };
		6977F1E619D607D200464551 /* lnbAppTests.m in Sources */ = {isa = PBXBuildFile; fileRef = 6977F1E519D607D200464551 /* lnbAppTests.m */; };
/* End PBXBuildFile section */

/* Begin PBXContainerItemProxy section */
		6977F1E019D607D200464551 /* PBXContainerItemProxy */ = {
			isa = PBXContainerItemProxy;
			containerPortal = 6977F1BE19D607D100464551 /* Project object */;
			proxyType = 1;
			remoteGlobalIDString = 6977F1C519D607D100464551;
			remoteInfo = lnbApp;
		};
/* End PBXContainerItemProxy section */

/* Begin PBXFileReference section */
		692E8F7D19D7316200AAD189 /* FontViewController.h */ = {isa = PBXFileReference; fileEncoding = 4; lastKnownFileType = sourcecode.c.h; path = FontViewController.h; sourceTree = "<group>"; };
		692E8F7E19D7316200AAD189 /* FontViewController.m */ = {isa = PBXFileReference; fileEncoding = 4; lastKnownFileType = sourcecode.c.objc; path = FontViewController.m; sourceTree = "<group>"; };
		692E8F7F19D7316200AAD189 /* FontViewController.xib */ = {isa = PBXFileReference; fileEncoding = 4; lastKnownFileType = file.xib; path = FontViewController.xib; sourceTree = "<group>"; };
		692E8F8219D7317800AAD189 /* RearViewController.h */ = {isa = PBXFileReference; fileEncoding = 4; lastKnownFileType = sourcecode.c.h; path = RearViewController.h; sourceTree = "<group>"; };
		692E8F8319D7317800AAD189 /* RearViewController.m */ = {isa = PBXFileReference; fileEncoding = 4; lastKnownFileType = sourcecode.c.objc; path = RearViewController.m; sourceTree = "<group>"; };
		692E8F8419D7317800AAD189 /* RearViewController.xib */ = {isa = PBXFileReference; fileEncoding = 4; lastKnownFileType = file.xib; path = RearViewController.xib; sourceTree = "<group>"; };
		692E8F9019D7370B00AAD189 /* SWRevealViewController.h */ = {isa = PBXFileReference; fileEncoding = 4; lastKnownFileType = sourcecode.c.h; name = SWRevealViewController.h; path = ../../.Trash/SWRevealViewController/SWRevealViewController.h; sourceTree = "<group>"; };
		692E8F9119D7370B00AAD189 /* SWRevealViewController.m */ = {isa = PBXFileReference; fileEncoding = 4; lastKnownFileType = sourcecode.c.objc; name = SWRevealViewController.m; path = ../../.Trash/SWRevealViewController/SWRevealViewController.m; sourceTree = "<group>"; };
		692E8F9419D73E7B00AAD189 /* reveal-icon.png */ = {isa = PBXFileReference; lastKnownFileType = image.png; name = "reveal-icon.png"; path = "../../Downloads/SWRevealViewController-master/RevealControllerExample/RevealControllerProject/reveal-icon.png"; sourceTree = "<group>"; };
		692E8F9519D73E7B00AAD189 /* reveal-icon@2x.png */ = {isa = PBXFileReference; lastKnownFileType = image.png; name = "reveal-icon@2x.png"; path = "../../Downloads/SWRevealViewController-master/RevealControllerExample/RevealControllerProject/reveal-icon@2x.png"; sourceTree = "<group>"; };
		6977F1C619D607D100464551 /* lnbApp.app */ = {isa = PBXFileReference; explicitFileType = wrapper.application; includeInIndex = 0; path = lnbApp.app; sourceTree = BUILT_PRODUCTS_DIR; };
		6977F1CA19D607D200464551 /* Info.plist */ = {isa = PBXFileReference; lastKnownFileType = text.plist.xml; path = Info.plist; sourceTree = "<group>"; };
		6977F1CB19D607D200464551 /* main.m */ = {isa = PBXFileReference; lastKnownFileType = sourcecode.c.objc; path = main.m; sourceTree = "<group>"; };
		6977F1CD19D607D200464551 /* AppDelegate.h */ = {isa = PBXFileReference; lastKnownFileType = sourcecode.c.h; path = AppDelegate.h; sourceTree = "<group>"; };
		6977F1CE19D607D200464551 /* AppDelegate.m */ = {isa = PBXFileReference; lastKnownFileType = sourcecode.c.objc; path = AppDelegate.m; sourceTree = "<group>"; };
		6977F1D019D607D200464551 /* ViewController.h */ = {isa = PBXFileReference; lastKnownFileType = sourcecode.c.h; path = ViewController.h; sourceTree = "<group>"; };
		6977F1D119D607D200464551 /* ViewController.m */ = {isa = PBXFileReference; lastKnownFileType = sourcecode.c.objc; path = ViewController.m; sourceTree = "<group>"; };
		6977F1D419D607D200464551 /* Base */ = {isa = PBXFileReference; lastKnownFileType = file.storyboard; name = Base; path = Base.lproj/Main.storyboard; sourceTree = "<group>"; };
		6977F1D619D607D200464551 /* Images.xcassets */ = {isa = PBXFileReference; lastKnownFileType = folder.assetcatalog; path = Images.xcassets; sourceTree = "<group>"; };
		6977F1D919D607D200464551 /* Base */ = {isa = PBXFileReference; lastKnownFileType = file.xib; name = Base; path = Base.lproj/LaunchScreen.xib; sourceTree = "<group>"; };
		6977F1DF19D607D200464551 /* lnbAppTests.xctest */ = {isa = PBXFileReference; explicitFileType = wrapper.cfbundle; includeInIndex = 0; path = lnbAppTests.xctest; sourceTree = BUILT_PRODUCTS_DIR; };
		6977F1E419D607D200464551 /* Info.plist */ = {isa = PBXFileReference; lastKnownFileType = text.plist.xml; path = Info.plist; sourceTree = "<group>"; };
		6977F1E519D607D200464551 /* lnbAppTests.m */ = {isa = PBXFileReference; lastKnownFileType = sourcecode.c.objc; path = lnbAppTests.m; sourceTree = "<group>"; };
/* End PBXFileReference section */

/* Begin PBXFrameworksBuildPhase section */
		6977F1C319D607D100464551 /* Frameworks */ = {
			isa = PBXFrameworksBuildPhase;
			buildActionMask = 2147483647;
			files = (
			);
			runOnlyForDeploymentPostprocessing = 0;
		};
		6977F1DC19D607D200464551 /* Frameworks */ = {
			isa = PBXFrameworksBuildPhase;
			buildActionMask = 2147483647;
			files = (
			);
			runOnlyForDeploymentPostprocessing = 0;
		};
/* End PBXFrameworksBuildPhase section */

/* Begin PBXGroup section */
		692E8F9319D73E6B00AAD189 /* Images */ = {
			isa = PBXGroup;
			children = (
				692E8F9419D73E7B00AAD189 /* reveal-icon.png */,
				692E8F9519D73E7B00AAD189 /* reveal-icon@2x.png */,
			);
			name = Images;
			sourceTree = "<group>";
		};
		692E8F9819D7429600AAD189 /* SWRevealViewController */ = {
			isa = PBXGroup;
			children = (
				692E8F9119D7370B00AAD189 /* SWRevealViewController.m */,
				692E8F9019D7370B00AAD189 /* SWRevealViewController.h */,
			);
			name = SWRevealViewController;
			sourceTree = "<group>";
		};
		6977F1BD19D607D100464551 = {
			isa = PBXGroup;
			children = (
				6977F1C819D607D100464551 /* lnbApp */,
				6977F1E219D607D200464551 /* lnbAppTests */,
				6977F1C719D607D100464551 /* Products */,
			);
			sourceTree = "<group>";
		};
		6977F1C719D607D100464551 /* Products */ = {
			isa = PBXGroup;
			children = (
				6977F1C619D607D100464551 /* lnbApp.app */,
				6977F1DF19D607D200464551 /* lnbAppTests.xctest */,
			);
			name = Products;
			sourceTree = "<group>";
		};
		6977F1C819D607D100464551 /* lnbApp */ = {
			isa = PBXGroup;
			children = (
				692E8F9319D73E6B00AAD189 /* Images */,
				692E8F9819D7429600AAD189 /* SWRevealViewController */,
				6977F1CD19D607D200464551 /* AppDelegate.h */,
				6977F1CE19D607D200464551 /* AppDelegate.m */,
				6977F1D019D607D200464551 /* ViewController.h */,
				6977F1D119D607D200464551 /* ViewController.m */,
				6977F1D319D607D200464551 /* Main.storyboard */,
				6977F1D619D607D200464551 /* Images.xcassets */,
				6977F1D819D607D200464551 /* LaunchScreen.xib */,
				6977F1C919D607D100464551 /* Supporting Files */,
				692E8F7D19D7316200AAD189 /* FontViewController.h */,
				692E8F7E19D7316200AAD189 /* FontViewController.m */,
				692E8F7F19D7316200AAD189 /* FontViewController.xib */,
				692E8F8219D7317800AAD189 /* RearViewController.h */,
				692E8F8319D7317800AAD189 /* RearViewController.m */,
				692E8F8419D7317800AAD189 /* RearViewController.xib */,
			);
			path = lnbApp;
			sourceTree = "<group>";
		};
		6977F1C919D607D100464551 /* Supporting Files */ = {
			isa = PBXGroup;
			children = (
				6977F1CA19D607D200464551 /* Info.plist */,
				6977F1CB19D607D200464551 /* main.m */,
			);
			name = "Supporting Files";
			sourceTree = "<group>";
		};
		6977F1E219D607D200464551 /* lnbAppTests */ = {
			isa = PBXGroup;
			children = (
				6977F1E519D607D200464551 /* lnbAppTests.m */,
				6977F1E319D607D200464551 /* Supporting Files */,
			);
			path = lnbAppTests;
			sourceTree = "<group>";
		};
		6977F1E319D607D200464551 /* Supporting Files */ = {
			isa = PBXGroup;
			children = (
				6977F1E419D607D200464551 /* Info.plist */,
			);
			name = "Supporting Files";
			sourceTree = "<group>";
		};
/* End PBXGroup section */

/* Begin PBXNativeTarget section */
		6977F1C519D607D100464551 /* lnbApp */ = {
			isa = PBXNativeTarget;
			buildConfigurationList = 6977F1E919D607D200464551 /* Build configuration list for PBXNativeTarget "lnbApp" */;
			buildPhases = (
				6977F1C219D607D100464551 /* Sources */,
				6977F1C319D607D100464551 /* Frameworks */,
				6977F1C419D607D100464551 /* Resources */,
			);
			buildRules = (
			);
			dependencies = (
			);
			name = lnbApp;
			productName = lnbApp;
			productReference = 6977F1C619D607D100464551 /* lnbApp.app */;
			productType = "com.apple.product-type.application";
		};
		6977F1DE19D607D200464551 /* lnbAppTests */ = {
			isa = PBXNativeTarget;
			buildConfigurationList = 6977F1EC19D607D200464551 /* Build configuration list for PBXNativeTarget "lnbAppTests" */;
			buildPhases = (
				6977F1DB19D607D200464551 /* Sources */,
				6977F1DC19D607D200464551 /* Frameworks */,
				6977F1DD19D607D200464551 /* Resources */,
			);
			buildRules = (
			);
			dependencies = (
				6977F1E119D607D200464551 /* PBXTargetDependency */,
			);
			name = lnbAppTests;
			productName = lnbAppTests;
			productReference = 6977F1DF19D607D200464551 /* lnbAppTests.xctest */;
			productType = "com.apple.product-type.bundle.unit-test";
		};
/* End PBXNativeTarget section */

/* Begin PBXProject section */
		6977F1BE19D607D100464551 /* Project object */ = {
			isa = PBXProject;
			attributes = {
				LastUpgradeCheck = 0600;
				ORGANIZATIONNAME = "Yves Benchimol";
				TargetAttributes = {
					6977F1C519D607D100464551 = {
						CreatedOnToolsVersion = 6.0.1;
					};
					6977F1DE19D607D200464551 = {
						CreatedOnToolsVersion = 6.0.1;
						TestTargetID = 6977F1C519D607D100464551;
					};
				};
			};
			buildConfigurationList = 6977F1C119D607D100464551 /* Build configuration list for PBXProject "lnbApp" */;
			compatibilityVersion = "Xcode 3.2";
			developmentRegion = English;
			hasScannedForEncodings = 0;
			knownRegions = (
				en,
				Base,
			);
			mainGroup = 6977F1BD19D607D100464551;
			productRefGroup = 6977F1C719D607D100464551 /* Products */;
			projectDirPath = "";
			projectRoot = "";
			targets = (
				6977F1C519D607D100464551 /* lnbApp */,
				6977F1DE19D607D200464551 /* lnbAppTests */,
			);
		};
/* End PBXProject section */

/* Begin PBXResourcesBuildPhase section */
		6977F1C419D607D100464551 /* Resources */ = {
			isa = PBXResourcesBuildPhase;
			buildActionMask = 2147483647;
			files = (
				6977F1D519D607D200464551 /* Main.storyboard in Resources */,
				6977F1DA19D607D200464551 /* LaunchScreen.xib in Resources */,
				692E8F9719D73E7B00AAD189 /* reveal-icon@2x.png in Resources */,
				6977F1D719D607D200464551 /* Images.xcassets in Resources */,
				692E8F8619D7317800AAD189 /* RearViewController.xib in Resources */,
				692E8F8119D7316200AAD189 /* FontViewController.xib in Resources */,
				692E8F9619D73E7B00AAD189 /* reveal-icon.png in Resources */,
			);
			runOnlyForDeploymentPostprocessing = 0;
		};
		6977F1DD19D607D200464551 /* Resources */ = {
			isa = PBXResourcesBuildPhase;
			buildActionMask = 2147483647;
			files = (
			);
			runOnlyForDeploymentPostprocessing = 0;
		};
/* End PBXResourcesBuildPhase section */

/* Begin PBXSourcesBuildPhase section */
		6977F1C219D607D100464551 /* Sources */ = {
			isa = PBXSourcesBuildPhase;
			buildActionMask = 2147483647;
			files = (
				6977F1D219D607D200464551 /* ViewController.m in Sources */,
				692E8F8019D7316200AAD189 /* FontViewController.m in Sources */,
				692E8F9219D7370B00AAD189 /* SWRevealViewController.m in Sources */,
				6977F1CF19D607D200464551 /* AppDelegate.m in Sources */,
				6977F1CC19D607D200464551 /* main.m in Sources */,
				692E8F8519D7317800AAD189 /* RearViewController.m in Sources */,
			);
			runOnlyForDeploymentPostprocessing = 0;
		};
		6977F1DB19D607D200464551 /* Sources */ = {
			isa = PBXSourcesBuildPhase;
			buildActionMask = 2147483647;
			files = (
				6977F1E619D607D200464551 /* lnbAppTests.m in Sources */,
			);
			runOnlyForDeploymentPostprocessing = 0;
		};
/* End PBXSourcesBuildPhase section */

/* Begin PBXTargetDependency section */
		6977F1E119D607D200464551 /* PBXTargetDependency */ = {
			isa = PBXTargetDependency;
			target = 6977F1C519D607D100464551 /* lnbApp */;
			targetProxy = 6977F1E019D607D200464551 /* PBXContainerItemProxy */;
		};
/* End PBXTargetDependency section */

/* Begin PBXVariantGroup section */
		6977F1D319D607D200464551 /* Main.storyboard */ = {
			isa = PBXVariantGroup;
			children = (
				6977F1D419D607D200464551 /* Base */,
			);
			name = Main.storyboard;
			sourceTree = "<group>";
		};
		6977F1D819D607D200464551 /* LaunchScreen.xib */ = {
			isa = PBXVariantGroup;
			children = (
				6977F1D919D607D200464551 /* Base */,
			);
			name = LaunchScreen.xib;
			sourceTree = "<group>";
		};
/* End PBXVariantGroup section */

/* Begin XCBuildConfiguration section */
		6977F1E719D607D200464551 /* Debug */ = {
			isa = XCBuildConfiguration;
			buildSettings = {
				ALWAYS_SEARCH_USER_PATHS = NO;
				CLANG_CXX_LANGUAGE_STANDARD = "gnu++0x";
				CLANG_CXX_LIBRARY = "libc++";
				CLANG_ENABLE_MODULES = YES;
				CLANG_ENABLE_OBJC_ARC = YES;
				CLANG_WARN_BOOL_CONVERSION = YES;
				CLANG_WARN_CONSTANT_CONVERSION = YES;
				CLANG_WARN_DIRECT_OBJC_ISA_USAGE = YES_ERROR;
				CLANG_WARN_EMPTY_BODY = YES;
				CLANG_WARN_ENUM_CONVERSION = YES;
				CLANG_WARN_INT_CONVERSION = YES;
				CLANG_WARN_OBJC_ROOT_CLASS = YES_ERROR;
				CLANG_WARN_UNREACHABLE_CODE = YES;
				CLANG_WARN__DUPLICATE_METHOD_MATCH = YES;
				"CODE_SIGN_IDENTITY[sdk=iphoneos*]" = "iPhone Developer";
				COPY_PHASE_STRIP = NO;
				ENABLE_STRICT_OBJC_MSGSEND = YES;
				GCC_C_LANGUAGE_STANDARD = gnu99;
				GCC_DYNAMIC_NO_PIC = NO;
				GCC_OPTIMIZATION_LEVEL = 0;
				GCC_PREPROCESSOR_DEFINITIONS = (
					"DEBUG=1",
					"$(inherited)",
				);
				GCC_SYMBOLS_PRIVATE_EXTERN = NO;
				GCC_WARN_64_TO_32_BIT_CONVERSION = YES;
				GCC_WARN_ABOUT_RETURN_TYPE = YES_ERROR;
				GCC_WARN_UNDECLARED_SELECTOR = YES;
				GCC_WARN_UNINITIALIZED_AUTOS = YES_AGGRESSIVE;
				GCC_WARN_UNUSED_FUNCTION = YES;
				GCC_WARN_UNUSED_VARIABLE = YES;
				IPHONEOS_DEPLOYMENT_TARGET = 8.0;
				MTL_ENABLE_DEBUG_INFO = YES;
				ONLY_ACTIVE_ARCH = YES;
				SDKROOT = iphoneos;
			};
			name = Debug;
		};
		6977F1E819D607D200464551 /* Release */ = {
			isa = XCBuildConfiguration;
			buildSettings = {
				ALWAYS_SEARCH_USER_PATHS = NO;
				CLANG_CXX_LANGUAGE_STANDARD = "gnu++0x";
				CLANG_CXX_LIBRARY = "libc++";
				CLANG_ENABLE_MODULES = YES;
				CLANG_ENABLE_OBJC_ARC = YES;
				CLANG_WARN_BOOL_CONVERSION = YES;
				CLANG_WARN_CONSTANT_CONVERSION = YES;
				CLANG_WARN_DIRECT_OBJC_ISA_USAGE = YES_ERROR;
				CLANG_WARN_EMPTY_BODY = YES;
				CLANG_WARN_ENUM_CONVERSION = YES;
				CLANG_WARN_INT_CONVERSION = YES;
				CLANG_WARN_OBJC_ROOT_CLASS = YES_ERROR;
				CLANG_WARN_UNREACHABLE_CODE = YES;
				CLANG_WARN__DUPLICATE_METHOD_MATCH = YES;
				"CODE_SIGN_IDENTITY[sdk=iphoneos*]" = "iPhone Developer";
				COPY_PHASE_STRIP = YES;
				ENABLE_NS_ASSERTIONS = NO;
				ENABLE_STRICT_OBJC_MSGSEND = YES;
				GCC_C_LANGUAGE_STANDARD = gnu99;
				GCC_WARN_64_TO_32_BIT_CONVERSION = YES;
				GCC_WARN_ABOUT_RETURN_TYPE = YES_ERROR;
				GCC_WARN_UNDECLARED_SELECTOR = YES;
				GCC_WARN_UNINITIALIZED_AUTOS = YES_AGGRESSIVE;
				GCC_WARN_UNUSED_FUNCTION = YES;
				GCC_WARN_UNUSED_VARIABLE = YES;
				IPHONEOS_DEPLOYMENT_TARGET = 8.0;
				MTL_ENABLE_DEBUG_INFO = NO;
				SDKROOT = iphoneos;
				VALIDATE_PRODUCT = YES;
			};
			name = Release;
		};
		6977F1EA19D607D200464551 /* Debug */ = {
			isa = XCBuildConfiguration;
			buildSettings = {
				ASSETCATALOG_COMPILER_APPICON_NAME = AppIcon;
				INFOPLIST_FILE = lnbApp/Info.plist;
				LD_RUNPATH_SEARCH_PATHS = "$(inherited) @executable_path/Frameworks";
				PRODUCT_NAME = "$(TARGET_NAME)";
			};
			name = Debug;
		};
		6977F1EB19D607D200464551 /* Release */ = {
			isa = XCBuildConfiguration;
			buildSettings = {
				ASSETCATALOG_COMPILER_APPICON_NAME = AppIcon;
				INFOPLIST_FILE = lnbApp/Info.plist;
				LD_RUNPATH_SEARCH_PATHS = "$(inherited) @executable_path/Frameworks";
				PRODUCT_NAME = "$(TARGET_NAME)";
			};
			name = Release;
		};
		6977F1ED19D607D200464551 /* Debug */ = {
			isa = XCBuildConfiguration;
			buildSettings = {
				BUNDLE_LOADER = "$(TEST_HOST)";
				FRAMEWORK_SEARCH_PATHS = (
					"$(SDKROOT)/Developer/Library/Frameworks",
					"$(inherited)",
				);
				GCC_PREPROCESSOR_DEFINITIONS = (
					"DEBUG=1",
					"$(inherited)",
				);
				INFOPLIST_FILE = lnbAppTests/Info.plist;
				LD_RUNPATH_SEARCH_PATHS = "$(inherited) @executable_path/Frameworks @loader_path/Frameworks";
				PRODUCT_NAME = "$(TARGET_NAME)";
				TEST_HOST = "$(BUILT_PRODUCTS_DIR)/lnbApp.app/lnbApp";
			};
			name = Debug;
		};
		6977F1EE19D607D200464551 /* Release */ = {
			isa = XCBuildConfiguration;
			buildSettings = {
				BUNDLE_LOADER = "$(TEST_HOST)";
				FRAMEWORK_SEARCH_PATHS = (
					"$(SDKROOT)/Developer/Library/Frameworks",
					"$(inherited)",
				);
				INFOPLIST_FILE = lnbAppTests/Info.plist;
				LD_RUNPATH_SEARCH_PATHS = "$(inherited) @executable_path/Frameworks @loader_path/Frameworks";
				PRODUCT_NAME = "$(TARGET_NAME)";
				TEST_HOST = "$(BUILT_PRODUCTS_DIR)/lnbApp.app/lnbApp";
			};
			name = Release;
		};
/* End XCBuildConfiguration section */

/* Begin XCConfigurationList section */
		6977F1C119D607D100464551 /* Build configuration list for PBXProject "lnbApp" */ = {
			isa = XCConfigurationList;
			buildConfigurations = (
				6977F1E719D607D200464551 /* Debug */,
				6977F1E819D607D200464551 /* Release */,
			);
			defaultConfigurationIsVisible = 0;
			defaultConfigurationName = Release;
		};
		6977F1E919D607D200464551 /* Build configuration list for PBXNativeTarget "lnbApp" */ = {
			isa = XCConfigurationList;
			buildConfigurations = (
				6977F1EA19D607D200464551 /* Debug */,
				6977F1EB19D607D200464551 /* Release */,
			);
			defaultConfigurationIsVisible = 0;
			defaultConfigurationName = Release;
		};
		6977F1EC19D607D200464551 /* Build configuration list for PBXNativeTarget "lnbAppTests" */ = {
			isa = XCConfigurationList;
			buildConfigurations = (
				6977F1ED19D607D200464551 /* Debug */,
				6977F1EE19D607D200464551 /* Release */,
			);
			defaultConfigurationIsVisible = 0;
			defaultConfigurationName = Release;
		};
/* End XCConfigurationList section */
	};
	rootObject = 6977F1BE19D607D100464551 /* Project object */;
}
